<?xml version="1.0" encoding="utf-8"?>
<Project ToolsVersion="4.0" xmlns="http://schemas.microsoft.com/developer/msbuild/2003">
  <ItemGroup>
    <Filter Include="Source Files">
      <UniqueIdentifier>{4FC737F1-C7A5-4376-A066-2A32D752A2FF}</UniqueIdentifier>
      <Extensions>cpp;c;cc;cxx;def;odl;idl;hpj;bat;asm;asmx</Extensions>
    </Filter>
    <Filter Include="Header Files">
      <UniqueIdentifier>{93995380-89BD-4b04-88EB-625FBE52EBFB}</UniqueIdentifier>
      <Extensions>h;hpp;hxx;hm;inl;inc;xsd</Extensions>
    </Filter>
    <Filter Include="Resource Files">
      <UniqueIdentifier>{67DA6AB6-F800-4c08-8B7A-83BB121AAD01}</UniqueIdentifier>
      <Extensions>rc;ico;cur;bmp;dlg;rc2;rct;bin;rgs;gif;jpg;jpeg;jpe;resx;tiff;tif;png;wav;mfcribbon-ms</Extensions>
    </Filter>
  </ItemGroup>
  <ItemGroup>
    <ClCompile Include="apihijack.cpp">
      <Filter>Source Files</Filter>
    </ClCompile>
    <ClCompile Include="dllmain.cpp">
      <Filter>Source Files</Filter>
    </ClCompile>
    <ClCompile Include="..\Shared\FreeSpaceTracker.cpp">
      <Filter>Source Files</Filter>
    </ClCompile>
    <ClCompile Include="..\Shared\FreeTrackTracker.cpp">
      <Filter>Source Files</Filter>
    </ClCompile>
    <ClCompile Include="..\Shared\KeyBindings.cpp">
      <Filter>Source Files</Filter>
    </ClCompile>
    <ClCompile Include="..\Shared\MotionTracker.cpp">
      <Filter>Source Files</Filter>
    </ClCompile>
    <ClCompile Include="..\Shared\MotionTrackerFactory.cpp">
      <Filter>Source Files</Filter>
    </ClCompile>
    <ClCompile Include="..\Shared\OculusTracker.cpp">
      <Filter>Source Files</Filter>
    </ClCompile>
    <ClCompile Include="..\Shared\ProxyHelper.cpp">
      <Filter>Source Files</Filter>
    </ClCompile>
    <ClCompile Include="..\Shared\pugixml.cpp">
      <Filter>Source Files</Filter>
    </ClCompile>
    <ClCompile Include="..\Shared\SharedMemoryTracker.cpp">
      <Filter>Source Files</Filter>
    </ClCompile>
    <ClCompile Include="..\DxProxy\D3DProxyDevice.cpp">
      <Filter>Source Files</Filter>
    </ClCompile>
    <ClCompile Include="..\DxProxy\D3DProxyDeviceAdv.cpp">
      <Filter>Source Files</Filter>
    </ClCompile>
    <ClCompile Include="..\DxProxy\D3DProxyDeviceEgo.cpp">
      <Filter>Source Files</Filter>
    </ClCompile>
    <ClCompile Include="..\DxProxy\D3DProxyDeviceFactory.cpp">
      <Filter>Source Files</Filter>
    </ClCompile>
    <ClCompile Include="..\DxProxy\D3DProxyDeviceFixed.cpp">
      <Filter>Source Files</Filter>
    </ClCompile>
    <ClCompile Include="..\DxProxy\D3DProxyDeviceMono.cpp">
      <Filter>Source Files</Filter>
    </ClCompile>
    <ClCompile Include="..\DxProxy\D3DProxyDeviceSource.cpp">
      <Filter>Source Files</Filter>
    </ClCompile>
    <ClCompile Include="..\DxProxy\D3DProxyDeviceTest.cpp">
      <Filter>Source Files</Filter>
    </ClCompile>
    <ClCompile Include="..\DxProxy\D3DProxyDeviceUnreal.cpp">
      <Filter>Source Files</Filter>
    </ClCompile>
    <ClCompile Include="..\DxProxy\Direct3D9.cpp">
      <Filter>Source Files</Filter>
    </ClCompile>
    <ClCompile Include="..\DxProxy\Direct3DDevice9.cpp">
      <Filter>Source Files</Filter>
    </ClCompile>
    <ClCompile Include="..\DxProxy\OculusRiftView.cpp">
      <Filter>Source Files</Filter>
    </ClCompile>
    <ClCompile Include="..\DxProxy\StereoView.cpp">
      <Filter>Source Files</Filter>
    </ClCompile>
    <ClCompile Include="..\DxProxy\StereoViewFactory.cpp">
      <Filter>Source Files</Filter>
    </ClCompile>
    <ClCompile Include="..\DxProxy\StereoViewInterleave.cpp">
      <Filter>Source Files</Filter>
    </ClCompile>
  </ItemGroup>
  <ItemGroup>
    <None Include="hijackdll.def">
      <Filter>Resource Files</Filter>
    </None>
  </ItemGroup>
  <ItemGroup>
    <ClInclude Include="apihijack.h">
      <Filter>Header Files</Filter>
    </ClInclude>
    <ClInclude Include="hijackdll.h">
      <Filter>Header Files</Filter>
    </ClInclude>
    <ClInclude Include="..\Shared\FreeSpaceTracker.h">
      <Filter>Header Files</Filter>
    </ClInclude>
    <ClInclude Include="..\Shared\FreeTrackTracker.h">
      <Filter>Header Files</Filter>
    </ClInclude>
    <ClInclude Include="..\Shared\KeyBindings.h">
      <Filter>Header Files</Filter>
    </ClInclude>
    <ClInclude Include="..\Shared\MotionTracker.h">
      <Filter>Header Files</Filter>
    </ClInclude>
    <ClInclude Include="..\Shared\MotionTrackerFactory.h">
      <Filter>Header Files</Filter>
    </ClInclude>
    <ClInclude Include="..\Shared\OculusTracker.h">
      <Filter>Header Files</Filter>
    </ClInclude>
    <ClInclude Include="..\Shared\ProxyHelper.h">
      <Filter>Header Files</Filter>
    </ClInclude>
    <ClInclude Include="..\Shared\pugiconfig.hpp">
      <Filter>Header Files</Filter>
    </ClInclude>
    <ClInclude Include="..\Shared\pugixml.hpp">
      <Filter>Header Files</Filter>
    </ClInclude>
    <ClInclude Include="..\Shared\SharedMemoryTracker.h">
      <Filter>Header Files</Filter>
    </ClInclude>
    <ClInclude Include="..\DxProxy\D3DProxyDevice.h">
      <Filter>Header Files</Filter>
    </ClInclude>
    <ClInclude Include="..\DxProxy\D3DProxyDeviceAdv.h">
      <Filter>Header Files</Filter>
    </ClInclude>
    <ClInclude Include="..\DxProxy\D3DProxyDeviceEgo.h">
      <Filter>Header Files</Filter>
    </ClInclude>
    <ClInclude Include="..\DxProxy\D3DProxyDeviceFactory.h">
      <Filter>Header Files</Filter>
    </ClInclude>
    <ClInclude Include="..\DxProxy\D3DProxyDeviceFixed.h">
      <Filter>Header Files</Filter>
    </ClInclude>
    <ClInclude Include="..\DxProxy\D3DProxyDeviceMono.h">
      <Filter>Header Files</Filter>
    </ClInclude>
    <ClInclude Include="..\DxProxy\D3DProxyDeviceSource.h">
      <Filter>Header Files</Filter>
    </ClInclude>
    <ClInclude Include="..\DxProxy\D3DProxyDeviceTest.h">
      <Filter>Header Files</Filter>
    </ClInclude>
    <ClInclude Include="..\DxProxy\D3DProxyDeviceUnreal.h">
      <Filter>Header Files</Filter>
    </ClInclude>
    <ClInclude Include="..\DxProxy\Direct3D9.h">
      <Filter>Header Files</Filter>
    </ClInclude>
    <ClInclude Include="..\DxProxy\Direct3DDevice9.h">
      <Filter>Header Files</Filter>
    </ClInclude>
    <ClInclude Include="..\DxProxy\OculusRiftView.h">
      <Filter>Header Files</Filter>
    </ClInclude>
    <ClInclude Include="..\DxProxy\StereoView.h">
      <Filter>Header Files</Filter>
    </ClInclude>
    <ClInclude Include="..\DxProxy\StereoViewFactory.h">
      <Filter>Header Files</Filter>
    </ClInclude>
    <ClInclude Include="..\DxProxy\StereoViewInterleave.h">
      <Filter>Header Files</Filter>
    </ClInclude>
  </ItemGroup>
</Project>